{
  "name": "com.rabbiaumer.fyp.project",
  "version": "1.0.0",
  "lockfileVersion": 1,
  "requires": true,
  "dependencies": {
    "accepts": {
      "version": "1.3.5",
      "resolved": "https://registry.npmjs.org/accepts/-/accepts-1.3.5.tgz",
      "integrity": "sha1-63d99gEXI6OxTopywIBcjoZ0a9I=",
      "requires": {
        "mime-types": "2.1.18",
        "negotiator": "0.6.1"
      }
    },
    "after": {
      "version": "0.8.2",
      "resolved": "https://registry.npmjs.org/after/-/after-0.8.2.tgz",
      "integrity": "sha1-/ts5T58OAqqXaOcCvaI7UF+ufh8="
    },
    "arraybuffer.slice": {
      "version": "0.0.7",
      "resolved": "https://registry.npmjs.org/arraybuffer.slice/-/arraybuffer.slice-0.0.7.tgz",
      "integrity": "sha512-wGUIVQXuehL5TCqQun8OW81jGzAWycqzFF8lFp+GOM5BXLYj3bKNsYC4daB7n6XjCqxQA/qgTJ+8ANR3acjrog=="
    },
    "async-limiter": {
      "version": "1.0.0",
      "resolved": "https://registry.npmjs.org/async-limiter/-/async-limiter-1.0.0.tgz",
      "integrity": "sha512-jp/uFnooOiO+L211eZOoSyzpOITMXx1rBITauYykG3BRYPu8h0UcxsPNB04RR5vo4Tyz3+ay17tR6JVf9qzYWg=="
    },
    "backo2": {
      "version": "1.0.2",
      "resolved": "https://registry.npmjs.org/backo2/-/backo2-1.0.2.tgz",
      "integrity": "sha1-MasayLEpNjRj41s+u2n038+6eUc="
    },
    "base64-arraybuffer": {
      "version": "0.1.5",
      "resolved": "https://registry.npmjs.org/base64-arraybuffer/-/base64-arraybuffer-0.1.5.tgz",
      "integrity": "sha1-c5JncZI7Whl0etZmqlzUv5xunOg="
    },
    "base64id": {
      "version": "1.0.0",
      "resolved": "https://registry.npmjs.org/base64id/-/base64id-1.0.0.tgz",
      "integrity": "sha1-R2iMuZu2gE8OBtPnY7HDLlfY5rY="
    },
    "better-assert": {
      "version": "1.0.2",
      "resolved": "https://registry.npmjs.org/better-assert/-/better-assert-1.0.2.tgz",
      "integrity": "sha1-QIZrnhueC1W0gYlDEeaPr/rrxSI=",
      "requires": {
        "callsite": "1.0.0"
      }
    },
    "blob": {
      "version": "0.0.4",
      "resolved": "https://registry.npmjs.org/blob/-/blob-0.0.4.tgz",
      "integrity": "sha1-vPEwUspURj8w+fx+lbmkdjCpSSE="
    },
    "callsite": {
      "version": "1.0.0",
      "resolved": "https://registry.npmjs.org/callsite/-/callsite-1.0.0.tgz",
      "integrity": "sha1-KAOY5dZkvXQDi28JBRU+borxvCA="
    },
    "component-bind": {
      "version": "1.0.0",
      "resolved": "https://registry.npmjs.org/component-bind/-/component-bind-1.0.0.tgz",
      "integrity": "sha1-AMYIq33Nk4l8AAllGx06jh5zu9E="
    },
    "component-emitter": {
      "version": "1.2.1",
      "resolved": "https://registry.npmjs.org/component-emitter/-/component-emitter-1.2.1.tgz",
      "integrity": "sha1-E3kY1teCg/ffemt8WmPhQOaUJeY="
    },
    "component-inherit": {
      "version": "0.0.3",
      "resolved": "https://registry.npmjs.org/component-inherit/-/component-inherit-0.0.3.tgz",
      "integrity": "sha1-ZF/ErfWLcrZJ1crmUTVhnbJv8UM="
    },
    "cookie": {
      "version": "0.3.1",
      "resolved": "https://registry.npmjs.org/cookie/-/cookie-0.3.1.tgz",
      "integrity": "sha1-5+Ch+e9DtMi6klxcWpboBtFoc7s="
    },
    "cordova-android": {
      "version": "5.1.1",
      "resolved": "https://registry.npmjs.org/cordova-android/-/cordova-android-5.1.1.tgz",
      "integrity": "sha1-DO8nsa5ZVWFZmmb/v+AL9PE/saY=",
      "requires": {
        "cordova-common": "1.1.0",
        "elementtree": "0.1.6",
        "nopt": "3.0.6",
        "properties-parser": "0.2.3",
        "q": "1.4.1",
        "shelljs": "0.5.3"
      },
      "dependencies": {
        "abbrev": {
          "version": "1.0.7",
          "bundled": true
        },
        "ansi": {
          "version": "0.3.1",
          "bundled": true
        },
        "balanced-match": {
          "version": "0.3.0",
          "bundled": true
        },
        "base64-js": {
          "version": "0.0.8",
          "bundled": true
        },
        "big-integer": {
          "version": "1.6.12",
          "bundled": true
        },
        "bplist-parser": {
          "version": "0.1.1",
          "bundled": true,
          "requires": {
            "big-integer": "1.6.12"
          }
        },
        "brace-expansion": {
          "version": "1.1.3",
          "bundled": true,
          "requires": {
            "balanced-match": "0.3.0",
            "concat-map": "0.0.1"
          }
        },
        "concat-map": {
          "version": "0.0.1",
          "bundled": true
        },
        "cordova-common": {
          "version": "1.1.0",
          "bundled": true,
          "requires": {
            "ansi": "0.3.1",
            "bplist-parser": "0.1.1",
            "cordova-registry-mapper": "1.1.15",
            "elementtree": "0.1.6",
            "glob": "5.0.15",
            "osenv": "0.1.3",
            "plist": "1.2.0",
            "q": "1.4.1",
            "semver": "5.1.0",
            "shelljs": "0.5.3",
            "underscore": "1.8.3",
            "unorm": "1.4.1"
          }
        },
        "cordova-registry-mapper": {
          "version": "1.1.15",
          "bundled": true
        },
        "elementtree": {
          "version": "0.1.6",
          "bundled": true,
          "requires": {
            "sax": "0.3.5"
          }
        },
        "glob": {
          "version": "5.0.15",
          "bundled": true,
          "requires": {
            "inflight": "1.0.4",
            "inherits": "2.0.1",
            "minimatch": "3.0.0",
            "once": "1.3.3",
            "path-is-absolute": "1.0.0"
          }
        },
        "inflight": {
          "version": "1.0.4",
          "bundled": true,
          "requires": {
            "once": "1.3.3",
            "wrappy": "1.0.1"
          }
        },
        "inherits": {
          "version": "2.0.1",
          "bundled": true
        },
        "lodash": {
          "version": "3.10.1",
          "bundled": true
        },
        "minimatch": {
          "version": "3.0.0",
          "bundled": true,
          "requires": {
            "brace-expansion": "1.1.3"
          }
        },
        "nopt": {
          "version": "3.0.6",
          "bundled": true,
          "requires": {
            "abbrev": "1.0.7"
          }
        },
        "once": {
          "version": "1.3.3",
          "bundled": true,
          "requires": {
            "wrappy": "1.0.1"
          }
        },
        "os-homedir": {
          "version": "1.0.1",
          "bundled": true
        },
        "os-tmpdir": {
          "version": "1.0.1",
          "bundled": true
        },
        "osenv": {
          "version": "0.1.3",
          "bundled": true,
          "requires": {
            "os-homedir": "1.0.1",
            "os-tmpdir": "1.0.1"
          }
        },
        "path-is-absolute": {
          "version": "1.0.0",
          "bundled": true
        },
        "plist": {
          "version": "1.2.0",
          "bundled": true,
          "requires": {
            "base64-js": "0.0.8",
            "util-deprecate": "1.0.2",
            "xmlbuilder": "4.0.0",
            "xmldom": "0.1.22"
          }
        },
        "properties-parser": {
          "version": "0.2.3",
          "bundled": true
        },
        "q": {
          "version": "1.4.1",
          "bundled": true
        },
        "sax": {
          "version": "0.3.5",
          "bundled": true
        },
        "semver": {
          "version": "5.1.0",
          "bundled": true
        },
        "shelljs": {
          "version": "0.5.3",
          "bundled": true
        },
        "underscore": {
          "version": "1.8.3",
          "bundled": true
        },
        "unorm": {
          "version": "1.4.1",
          "bundled": true
        },
        "util-deprecate": {
          "version": "1.0.2",
          "bundled": true
        },
        "wrappy": {
          "version": "1.0.1",
          "bundled": true
        },
        "xmlbuilder": {
          "version": "4.0.0",
          "bundled": true,
          "requires": {
            "lodash": "3.10.1"
          }
        },
        "xmldom": {
          "version": "0.1.22",
          "bundled": true
        }
      }
    },
    "cordova-browser": {
      "version": "5.0.3",
      "resolved": "https://registry.npmjs.org/cordova-browser/-/cordova-browser-5.0.3.tgz",
      "integrity": "sha1-9+VCAv3wlpQ4XXjArYckEMsJTfU=",
      "requires": {
        "cordova-common": "2.2.0",
        "cordova-serve": "2.0.0",
        "nopt": "3.0.6",
        "shelljs": "0.5.3"
      },
      "dependencies": {
        "abbrev": {
          "version": "1.1.1",
          "bundled": true
        },
        "accepts": {
          "version": "1.3.4",
          "bundled": true,
          "requires": {
            "mime-types": "2.1.17",
            "negotiator": "0.6.1"
          }
        },
        "ansi": {
          "version": "0.3.1",
          "bundled": true
        },
        "ansi-regex": {
          "version": "2.1.1",
          "bundled": true
        },
        "ansi-styles": {
          "version": "2.2.1",
          "bundled": true
        },
        "array-flatten": {
          "version": "1.1.1",
          "bundled": true
        },
        "balanced-match": {
          "version": "1.0.0",
          "bundled": true
        },
        "base64-js": {
          "version": "0.0.8",
          "bundled": true
        },
        "big-integer": {
          "version": "1.6.26",
          "bundled": true
        },
        "body-parser": {
          "version": "1.18.2",
          "bundled": true,
          "requires": {
            "bytes": "3.0.0",
            "content-type": "1.0.4",
            "debug": "2.6.9",
            "depd": "1.1.1",
            "http-errors": "1.6.2",
            "iconv-lite": "0.4.19",
            "on-finished": "2.3.0",
            "qs": "6.5.1",
            "raw-body": "2.3.2",
            "type-is": "1.6.15"
          }
        },
        "bplist-parser": {
          "version": "0.1.1",
          "bundled": true,
          "requires": {
            "big-integer": "1.6.26"
          }
        },
        "brace-expansion": {
          "version": "1.1.8",
          "bundled": true,
          "requires": {
            "balanced-match": "1.0.0",
            "concat-map": "0.0.1"
          }
        },
        "bytes": {
          "version": "3.0.0",
          "bundled": true
        },
        "chalk": {
          "version": "1.1.3",
          "bundled": true,
          "requires": {
            "ansi-styles": "2.2.1",
            "escape-string-regexp": "1.0.5",
            "has-ansi": "2.0.0",
            "strip-ansi": "3.0.1",
            "supports-color": "2.0.0"
          }
        },
        "compressible": {
          "version": "2.0.12",
          "bundled": true,
          "requires": {
            "mime-db": "1.30.0"
          }
        },
        "compression": {
          "version": "1.7.1",
          "bundled": true,
          "requires": {
            "accepts": "1.3.4",
            "bytes": "3.0.0",
            "compressible": "2.0.12",
            "debug": "2.6.9",
            "on-headers": "1.0.1",
            "safe-buffer": "5.1.1",
            "vary": "1.1.2"
          }
        },
        "concat-map": {
          "version": "0.0.1",
          "bundled": true
        },
        "content-disposition": {
          "version": "0.5.2",
          "bundled": true
        },
        "content-type": {
          "version": "1.0.4",
          "bundled": true
        },
        "cookie": {
          "version": "0.3.1",
          "bundled": true
        },
        "cookie-signature": {
          "version": "1.0.6",
          "bundled": true
        },
        "cordova-common": {
          "version": "2.2.0",
          "bundled": true,
          "requires": {
            "ansi": "0.3.1",
            "bplist-parser": "0.1.1",
            "cordova-registry-mapper": "1.1.15",
            "elementtree": "0.1.6",
            "glob": "5.0.15",
            "minimatch": "3.0.4",
            "osenv": "0.1.4",
            "plist": "1.2.0",
            "q": "1.5.1",
            "semver": "5.4.1",
            "shelljs": "0.5.3",
            "underscore": "1.8.3",
            "unorm": "1.4.1"
          }
        },
        "cordova-registry-mapper": {
          "version": "1.1.15",
          "bundled": true
        },
        "cordova-serve": {
          "version": "2.0.0",
          "bundled": true,
          "requires": {
            "chalk": "1.1.3",
            "compression": "1.7.1",
            "express": "4.16.2",
            "open": "0.0.5",
            "shelljs": "0.5.3"
          }
        },
        "debug": {
          "version": "2.6.9",
          "bundled": true,
          "requires": {
            "ms": "2.0.0"
          }
        },
        "depd": {
          "version": "1.1.1",
          "bundled": true
        },
        "destroy": {
          "version": "1.0.4",
          "bundled": true
        },
        "ee-first": {
          "version": "1.1.1",
          "bundled": true
        },
        "elementtree": {
          "version": "0.1.6",
          "bundled": true,
          "requires": {
            "sax": "0.3.5"
          }
        },
        "encodeurl": {
          "version": "1.0.1",
          "bundled": true
        },
        "escape-html": {
          "version": "1.0.3",
          "bundled": true
        },
        "escape-string-regexp": {
          "version": "1.0.5",
          "bundled": true
        },
        "etag": {
          "version": "1.8.1",
          "bundled": true
        },
        "express": {
          "version": "4.16.2",
          "bundled": true,
          "requires": {
            "accepts": "1.3.4",
            "array-flatten": "1.1.1",
            "body-parser": "1.18.2",
            "content-disposition": "0.5.2",
            "content-type": "1.0.4",
            "cookie": "0.3.1",
            "cookie-signature": "1.0.6",
            "debug": "2.6.9",
            "depd": "1.1.1",
            "encodeurl": "1.0.1",
            "escape-html": "1.0.3",
            "etag": "1.8.1",
            "finalhandler": "1.1.0",
            "fresh": "0.5.2",
            "merge-descriptors": "1.0.1",
            "methods": "1.1.2",
            "on-finished": "2.3.0",
            "parseurl": "1.3.2",
            "path-to-regexp": "0.1.7",
            "proxy-addr": "2.0.2",
            "qs": "6.5.1",
            "range-parser": "1.2.0",
            "safe-buffer": "5.1.1",
            "send": "0.16.1",
            "serve-static": "1.13.1",
            "setprototypeof": "1.1.0",
            "statuses": "1.3.1",
            "type-is": "1.6.15",
            "utils-merge": "1.0.1",
            "vary": "1.1.2"
          }
        },
        "finalhandler": {
          "version": "1.1.0",
          "bundled": true,
          "requires": {
            "debug": "2.6.9",
            "encodeurl": "1.0.1",
            "escape-html": "1.0.3",
            "on-finished": "2.3.0",
            "parseurl": "1.3.2",
            "statuses": "1.3.1",
            "unpipe": "1.0.0"
          }
        },
        "forwarded": {
          "version": "0.1.2",
          "bundled": true
        },
        "fresh": {
          "version": "0.5.2",
          "bundled": true
        },
        "glob": {
          "version": "5.0.15",
          "bundled": true,
          "requires": {
            "inflight": "1.0.6",
            "inherits": "2.0.3",
            "minimatch": "3.0.4",
            "once": "1.4.0",
            "path-is-absolute": "1.0.1"
          }
        },
        "has-ansi": {
          "version": "2.0.0",
          "bundled": true,
          "requires": {
            "ansi-regex": "2.1.1"
          }
        },
        "http-errors": {
          "version": "1.6.2",
          "bundled": true,
          "requires": {
            "depd": "1.1.1",
            "inherits": "2.0.3",
            "setprototypeof": "1.0.3",
            "statuses": "1.3.1"
          },
          "dependencies": {
            "setprototypeof": {
              "version": "1.0.3",
              "bundled": true
            }
          }
        },
        "iconv-lite": {
          "version": "0.4.19",
          "bundled": true
        },
        "inflight": {
          "version": "1.0.6",
          "bundled": true,
          "requires": {
            "once": "1.4.0",
            "wrappy": "1.0.2"
          }
        },
        "inherits": {
          "version": "2.0.3",
          "bundled": true
        },
        "ipaddr.js": {
          "version": "1.5.2",
          "bundled": true
        },
        "lodash": {
          "version": "3.10.1",
          "bundled": true
        },
        "media-typer": {
          "version": "0.3.0",
          "bundled": true
        },
        "merge-descriptors": {
          "version": "1.0.1",
          "bundled": true
        },
        "methods": {
          "version": "1.1.2",
          "bundled": true
        },
        "mime": {
          "version": "1.4.1",
          "bundled": true
        },
        "mime-db": {
          "version": "1.30.0",
          "bundled": true
        },
        "mime-types": {
          "version": "2.1.17",
          "bundled": true,
          "requires": {
            "mime-db": "1.30.0"
          }
        },
        "minimatch": {
          "version": "3.0.4",
          "bundled": true,
          "requires": {
            "brace-expansion": "1.1.8"
          }
        },
        "ms": {
          "version": "2.0.0",
          "bundled": true
        },
        "negotiator": {
          "version": "0.6.1",
          "bundled": true
        },
        "nopt": {
          "version": "3.0.6",
          "bundled": true,
          "requires": {
            "abbrev": "1.1.1"
          }
        },
        "on-finished": {
          "version": "2.3.0",
          "bundled": true,
          "requires": {
            "ee-first": "1.1.1"
          }
        },
        "on-headers": {
          "version": "1.0.1",
          "bundled": true
        },
        "once": {
          "version": "1.4.0",
          "bundled": true,
          "requires": {
            "wrappy": "1.0.2"
          }
        },
        "open": {
          "version": "0.0.5",
          "bundled": true
        },
        "os-homedir": {
          "version": "1.0.2",
          "bundled": true
        },
        "os-tmpdir": {
          "version": "1.0.2",
          "bundled": true
        },
        "osenv": {
          "version": "0.1.4",
          "bundled": true,
          "requires": {
            "os-homedir": "1.0.2",
            "os-tmpdir": "1.0.2"
          }
        },
        "parseurl": {
          "version": "1.3.2",
          "bundled": true
        },
        "path-is-absolute": {
          "version": "1.0.1",
          "bundled": true
        },
        "path-to-regexp": {
          "version": "0.1.7",
          "bundled": true
        },
        "plist": {
          "version": "1.2.0",
          "bundled": true,
          "requires": {
            "base64-js": "0.0.8",
            "util-deprecate": "1.0.2",
            "xmlbuilder": "4.0.0",
            "xmldom": "0.1.27"
          }
        },
        "proxy-addr": {
          "version": "2.0.2",
          "bundled": true,
          "requires": {
            "forwarded": "0.1.2",
            "ipaddr.js": "1.5.2"
          }
        },
        "q": {
          "version": "1.5.1",
          "bundled": true
        },
        "qs": {
          "version": "6.5.1",
          "bundled": true
        },
        "range-parser": {
          "version": "1.2.0",
          "bundled": true
        },
        "raw-body": {
          "version": "2.3.2",
          "bundled": true,
          "requires": {
            "bytes": "3.0.0",
            "http-errors": "1.6.2",
            "iconv-lite": "0.4.19",
            "unpipe": "1.0.0"
          }
        },
        "safe-buffer": {
          "version": "5.1.1",
          "bundled": true
        },
        "sax": {
          "version": "0.3.5",
          "bundled": true
        },
        "semver": {
          "version": "5.4.1",
          "bundled": true
        },
        "send": {
          "version": "0.16.1",
          "bundled": true,
          "requires": {
            "debug": "2.6.9",
            "depd": "1.1.1",
            "destroy": "1.0.4",
            "encodeurl": "1.0.1",
            "escape-html": "1.0.3",
            "etag": "1.8.1",
            "fresh": "0.5.2",
            "http-errors": "1.6.2",
            "mime": "1.4.1",
            "ms": "2.0.0",
            "on-finished": "2.3.0",
            "range-parser": "1.2.0",
            "statuses": "1.3.1"
          }
        },
        "serve-static": {
          "version": "1.13.1",
          "bundled": true,
          "requires": {
            "encodeurl": "1.0.1",
            "escape-html": "1.0.3",
            "parseurl": "1.3.2",
            "send": "0.16.1"
          }
        },
        "setprototypeof": {
          "version": "1.1.0",
          "bundled": true
        },
        "shelljs": {
          "version": "0.5.3",
          "bundled": true
        },
        "statuses": {
          "version": "1.3.1",
          "bundled": true
        },
        "strip-ansi": {
          "version": "3.0.1",
          "bundled": true,
          "requires": {
            "ansi-regex": "2.1.1"
          }
        },
        "supports-color": {
          "version": "2.0.0",
          "bundled": true
        },
        "type-is": {
          "version": "1.6.15",
          "bundled": true,
          "requires": {
            "media-typer": "0.3.0",
            "mime-types": "2.1.17"
          }
        },
        "underscore": {
          "version": "1.8.3",
          "bundled": true
        },
        "unorm": {
          "version": "1.4.1",
          "bundled": true
        },
        "unpipe": {
          "version": "1.0.0",
          "bundled": true
        },
        "util-deprecate": {
          "version": "1.0.2",
          "bundled": true
        },
        "utils-merge": {
          "version": "1.0.1",
          "bundled": true
        },
        "vary": {
          "version": "1.1.2",
          "bundled": true
        },
        "wrappy": {
          "version": "1.0.2",
          "bundled": true
        },
        "xmlbuilder": {
          "version": "4.0.0",
          "bundled": true,
          "requires": {
            "lodash": "3.10.1"
          }
        },
        "xmldom": {
          "version": "0.1.27",
          "bundled": true
        }
      }
    },
    "cordova-plugin-battery-status": {
      "version": "1.1.2",
      "resolved": "https://registry.npmjs.org/cordova-plugin-battery-status/-/cordova-plugin-battery-status-1.1.2.tgz",
      "integrity": "sha1-QZIcdKvA2z431i88XcT94MYQkOQ="
    },
    "cordova-plugin-camera": {
      "version": "2.1.1",
      "resolved": "https://registry.npmjs.org/cordova-plugin-camera/-/cordova-plugin-camera-2.1.1.tgz",
      "integrity": "sha1-lIi6NiBOMnFIDb6C2apwijUt9+s="
    },
    "cordova-plugin-console": {
      "version": "1.0.7",
      "resolved": "https://registry.npmjs.org/cordova-plugin-console/-/cordova-plugin-console-1.0.7.tgz",
      "integrity": "sha1-ibepLtHDNYiN/ADZAtxBcgHPOws="
    },
    "cordova-plugin-contacts": {
      "version": "2.0.1",
      "resolved": "https://registry.npmjs.org/cordova-plugin-contacts/-/cordova-plugin-contacts-2.0.1.tgz",
      "integrity": "sha1-czw2mTj0deoFdmxhVVj3QSVphIk="
    },
    "cordova-plugin-device": {
      "version": "1.1.7",
      "resolved": "https://registry.npmjs.org/cordova-plugin-device/-/cordova-plugin-device-1.1.7.tgz",
      "integrity": "sha1-/JQRG+aTJijGaGiTjd89yCyfv+Y="
    },
    "cordova-plugin-device-motion": {
      "version": "1.2.5",
      "resolved": "https://registry.npmjs.org/cordova-plugin-device-motion/-/cordova-plugin-device-motion-1.2.5.tgz",
      "integrity": "sha1-e1jt2dVQ3wpvua76tVuW1UkLGlY="
    },
    "cordova-plugin-device-orientation": {
      "version": "1.0.7",
      "resolved": "https://registry.npmjs.org/cordova-plugin-device-orientation/-/cordova-plugin-device-orientation-1.0.7.tgz",
      "integrity": "sha1-rIx5i+jtsOVbYf7GjtqQk+SGvws="
    },
    "cordova-plugin-dialogs": {
      "version": "1.2.1",
      "resolved": "https://registry.npmjs.org/cordova-plugin-dialogs/-/cordova-plugin-dialogs-1.2.1.tgz",
      "integrity": "sha1-dDvIrwB2oQp29VbFE0ClMBY9MVM="
    },
    "cordova-plugin-file": {
      "version": "4.1.1",
      "resolved": "https://registry.npmjs.org/cordova-plugin-file/-/cordova-plugin-file-4.1.1.tgz",
      "integrity": "sha1-qCtv1XV+/s8A4nlMD61kel/2dfI="
    },
    "cordova-plugin-file-transfer": {
      "version": "1.5.1",
      "resolved": "https://registry.npmjs.org/cordova-plugin-file-transfer/-/cordova-plugin-file-transfer-1.5.1.tgz",
      "integrity": "sha1-z5tjTo8yg0goAstfCzgdQPVGU5g="
    },
    "cordova-plugin-geolocation": {
      "version": "2.1.0",
      "resolved": "https://registry.npmjs.org/cordova-plugin-geolocation/-/cordova-plugin-geolocation-2.1.0.tgz",
      "integrity": "sha1-7grBx3Fh6bC3O0fSFpYbvAV+5Es="
    },
    "cordova-plugin-globalization": {
      "version": "1.0.9",
      "resolved": "https://registry.npmjs.org/cordova-plugin-globalization/-/cordova-plugin-globalization-1.0.9.tgz",
      "integrity": "sha1-RluZmP7qC4iIRNCc19oCv6Jst6M="
    },
    "cordova-plugin-inappbrowser": {
      "version": "1.3.0",
      "resolved": "https://registry.npmjs.org/cordova-plugin-inappbrowser/-/cordova-plugin-inappbrowser-1.3.0.tgz",
      "integrity": "sha1-FvAIUwC8mHFzPLH5qXeNLxT7YYc="
    },
    "cordova-plugin-media": {
      "version": "2.2.0",
      "resolved": "https://registry.npmjs.org/cordova-plugin-media/-/cordova-plugin-media-2.2.0.tgz",
      "integrity": "sha1-3ij7BbwVxpaisxCzbEcP3WFtbEI="
    },
    "cordova-plugin-media-capture": {
      "version": "1.2.0",
      "resolved": "https://registry.npmjs.org/cordova-plugin-media-capture/-/cordova-plugin-media-capture-1.2.0.tgz",
      "integrity": "sha1-tktdtWP6i6FwUrzkTExe7XcSGes="
    },
    "cordova-plugin-network-information": {
      "version": "1.2.1",
      "resolved": "https://registry.npmjs.org/cordova-plugin-network-information/-/cordova-plugin-network-information-1.2.1.tgz",
      "integrity": "sha1-H9e3KvBmJBW5VcV2OPe3dnyEPZg="
    },
    "cordova-plugin-splashscreen": {
      "version": "3.2.2",
      "resolved": "https://registry.npmjs.org/cordova-plugin-splashscreen/-/cordova-plugin-splashscreen-3.2.2.tgz",
      "integrity": "sha1-1WOL+wi9vJqz59owwhdL5kzwJ7A="
    },
    "cordova-plugin-statusbar": {
      "version": "2.1.3",
      "resolved": "https://registry.npmjs.org/cordova-plugin-statusbar/-/cordova-plugin-statusbar-2.1.3.tgz",
      "integrity": "sha1-lwRKjK8U1To0cpb2/LFe9c0+q4g="
    },
    "cordova-plugin-vibration": {
      "version": "2.1.6",
      "resolved": "https://registry.npmjs.org/cordova-plugin-vibration/-/cordova-plugin-vibration-2.1.6.tgz",
      "integrity": "sha1-5XKViSzxXkSwyZ+P60R3Q5XLSj4="
    },
    "cordova-plugin-whitelist": {
      "version": "1.2.2",
      "resolved": "https://registry.npmjs.org/cordova-plugin-whitelist/-/cordova-plugin-whitelist-1.2.2.tgz",
      "integrity": "sha1-CFk/yVeIViCdQ3t2yLBHUp8Z9iM="
    },
    "debug": {
      "version": "3.1.0",
      "resolved": "https://registry.npmjs.org/debug/-/debug-3.1.0.tgz",
      "integrity": "sha512-OX8XqP7/1a9cqkxYw2yXss15f26NKWBpDXQd0/uK/KPqdQhxbPa994hnzjcE2VqQpDslf55723cKPUOGSmMY3g==",
      "requires": {
        "ms": "2.0.0"
      }
    },
    "engine.io": {
      "version": "3.2.0",
      "resolved": "https://registry.npmjs.org/engine.io/-/engine.io-3.2.0.tgz",
      "integrity": "sha512-mRbgmAtQ4GAlKwuPnnAvXXwdPhEx+jkc0OBCLrXuD/CRvwNK3AxRSnqK4FSqmAMRRHryVJP8TopOvmEaA64fKw==",
      "requires": {
        "accepts": "1.3.5",
        "base64id": "1.0.0",
        "cookie": "0.3.1",
        "debug": "3.1.0",
        "engine.io-parser": "2.1.2",
        "ws": "3.3.3"
      }
    },
    "engine.io-client": {
      "version": "3.2.1",
      "resolved": "https://registry.npmjs.org/engine.io-client/-/engine.io-client-3.2.1.tgz",
      "integrity": "sha512-y5AbkytWeM4jQr7m/koQLc5AxpRKC1hEVUb/s1FUAWEJq5AzJJ4NLvzuKPuxtDi5Mq755WuDvZ6Iv2rXj4PTzw==",
      "requires": {
        "component-emitter": "1.2.1",
        "component-inherit": "0.0.3",
        "debug": "3.1.0",
        "engine.io-parser": "2.1.2",
        "has-cors": "1.1.0",
        "indexof": "0.0.1",
        "parseqs": "0.0.5",
        "parseuri": "0.0.5",
        "ws": "3.3.3",
        "xmlhttprequest-ssl": "1.5.5",
        "yeast": "0.1.2"
      }
    },
    "engine.io-parser": {
      "version": "2.1.2",
      "resolved": "https://registry.npmjs.org/engine.io-parser/-/engine.io-parser-2.1.2.tgz",
      "integrity": "sha512-dInLFzr80RijZ1rGpx1+56/uFoH7/7InhH3kZt+Ms6hT8tNx3NGW/WNSA/f8As1WkOfkuyb3tnRyuXGxusclMw==",
      "requires": {
        "after": "0.8.2",
        "arraybuffer.slice": "0.0.7",
        "base64-arraybuffer": "0.1.5",
        "blob": "0.0.4",
        "has-binary2": "1.0.2"
      }
    },
    "has-binary2": {
      "version": "1.0.2",
      "resolved": "https://registry.npmjs.org/has-binary2/-/has-binary2-1.0.2.tgz",
      "integrity": "sha1-6D26SfC5vk0CbSc2U1DZ8D9Uvpg=",
      "requires": {
        "isarray": "2.0.1"
      }
    },
    "has-cors": {
      "version": "1.1.0",
      "resolved": "https://registry.npmjs.org/has-cors/-/has-cors-1.1.0.tgz",
      "integrity": "sha1-XkdHk/fqmEPRu5nCPu9J/xJv/zk="
    },
    "indexof": {
      "version": "0.0.1",
      "resolved": "https://registry.npmjs.org/indexof/-/indexof-0.0.1.tgz",
      "integrity": "sha1-gtwzbSMrkGIXnQWrMpOmYFn9Q10="
    },
    "isarray": {
      "version": "2.0.1",
      "resolved": "https://registry.npmjs.org/isarray/-/isarray-2.0.1.tgz",
      "integrity": "sha1-o32U7ZzaLVmGXJ92/llu4fM4dB4="
    },
    "mime-db": {
      "version": "1.33.0",
      "resolved": "https://registry.npmjs.org/mime-db/-/mime-db-1.33.0.tgz",
      "integrity": "sha512-BHJ/EKruNIqJf/QahvxwQZXKygOQ256myeN/Ew+THcAa5q+PjyTTMMeNQC4DZw5AwfvelsUrA6B67NKMqXDbzQ=="
    },
    "mime-types": {
      "version": "2.1.18",
      "resolved": "https://registry.npmjs.org/mime-types/-/mime-types-2.1.18.tgz",
      "integrity": "sha512-lc/aahn+t4/SWV/qcmumYjymLsWfN3ELhpmVuUFjgsORruuZPVSwAQryq+HHGvO/SI2KVX26bx+En+zhM8g8hQ==",
      "requires": {
        "mime-db": "1.33.0"
      }
    },
    "ms": {
      "version": "2.0.0",
      "resolved": "https://registry.npmjs.org/ms/-/ms-2.0.0.tgz",
      "integrity": "sha1-VgiurfwAvmwpAd9fmGF4jeDVl8g="
    },
    "negotiator": {
      "version": "0.6.1",
      "resolved": "https://registry.npmjs.org/negotiator/-/negotiator-0.6.1.tgz",
      "integrity": "sha1-KzJxhOiZIQEXeyhWP7XnECrNDKk="
    },
    "object-component": {
      "version": "0.0.3",
      "resolved": "https://registry.npmjs.org/object-component/-/object-component-0.0.3.tgz",
      "integrity": "sha1-8MaapQ78lbhmwYb0AKM3acsvEpE="
    },
    "parseqs": {
      "version": "0.0.5",
      "resolved": "https://registry.npmjs.org/parseqs/-/parseqs-0.0.5.tgz",
      "integrity": "sha1-1SCKNzjkZ2bikbouoXNoSSGouJ0=",
      "requires": {
        "better-assert": "1.0.2"
      }
    },
    "parseuri": {
      "version": "0.0.5",
      "resolved": "https://registry.npmjs.org/parseuri/-/parseuri-0.0.5.tgz",
      "integrity": "sha1-gCBKUNTbt3m/3G6+J3jZDkvOMgo=",
      "requires": {
        "better-assert": "1.0.2"
      }
    },
    "safe-buffer": {
      "version": "5.1.1",
      "resolved": "https://registry.npmjs.org/safe-buffer/-/safe-buffer-5.1.1.tgz",
      "integrity": "sha512-kKvNJn6Mm93gAczWVJg7wH+wGYWNrDHdWvpUmHyEsgCtIwwo3bqPtV4tR5tuPaUhTOo/kvhVwd8XwwOllGYkbg=="
    },
    "socket.io": {
      "version": "2.1.0",
      "resolved": "https://registry.npmjs.org/socket.io/-/socket.io-2.1.0.tgz",
      "integrity": "sha512-KS+3CNWWNtLbVN5j0/B+1hjxRzey+oTK6ejpAOoxMZis6aXeB8cUtfuvjHl97tuZx+t/qD/VyqFMjuzu2Js6uQ==",
      "requires": {
        "debug": "3.1.0",
        "engine.io": "3.2.0",
        "has-binary2": "1.0.2",
        "socket.io-adapter": "1.1.1",
        "socket.io-client": "2.1.0",
        "socket.io-parser": "3.2.0"
      }
    },
    "socket.io-adapter": {
      "version": "1.1.1",
      "resolved": "https://registry.npmjs.org/socket.io-adapter/-/socket.io-adapter-1.1.1.tgz",
      "integrity": "sha1-KoBeihTWNyEk3ZFZrUUC+MsH8Gs="
    },
    "socket.io-client": {
      "version": "2.1.0",
      "resolved": "https://registry.npmjs.org/socket.io-client/-/socket.io-client-2.1.0.tgz",
      "integrity": "sha512-TvKPpL0cBON5LduQfR8Rxrr+ktj70bLXGvqHCL3er5avBXruB3gpnbaud5ikFYVfANH1gCABAvo0qN8Axpg2ew==",
      "requires": {
        "backo2": "1.0.2",
        "base64-arraybuffer": "0.1.5",
        "component-bind": "1.0.0",
        "component-emitter": "1.2.1",
        "debug": "3.1.0",
        "engine.io-client": "3.2.1",
        "has-binary2": "1.0.2",
        "has-cors": "1.1.0",
        "indexof": "0.0.1",
        "object-component": "0.0.3",
        "parseqs": "0.0.5",
        "parseuri": "0.0.5",
        "socket.io-parser": "3.2.0",
        "to-array": "0.1.4"
      }
    },
    "socket.io-parser": {
      "version": "3.2.0",
      "resolved": "https://registry.npmjs.org/socket.io-parser/-/socket.io-parser-3.2.0.tgz",
      "integrity": "sha512-FYiBx7rc/KORMJlgsXysflWx/RIvtqZbyGLlHZvjfmPTPeuD/I8MaW7cfFrj5tRltICJdgwflhfZ3NVVbVLFQA==",
      "requires": {
        "component-emitter": "1.2.1",
        "debug": "3.1.0",
        "isarray": "2.0.1"
      }
    },
    "to-array": {
      "version": "0.1.4",
      "resolved": "https://registry.npmjs.org/to-array/-/to-array-0.1.4.tgz",
      "integrity": "sha1-F+bBH3PdTz10zaek/zI46a2b+JA="
    },
    "ultron": {
      "version": "1.1.1",
      "resolved": "https://registry.npmjs.org/ultron/-/ultron-1.1.1.tgz",
      "integrity": "sha512-UIEXBNeYmKptWH6z8ZnqTeS8fV74zG0/eRU9VGkpzz+LIJNs8W/zM/L+7ctCkRrgbNnnR0xxw4bKOr0cW0N0Og=="
    },
    "ws": {
      "version": "3.3.3",
      "resolved": "https://registry.npmjs.org/ws/-/ws-3.3.3.tgz",
      "integrity": "sha512-nnWLa/NwZSt4KQJu51MYlCcSQ5g7INpOrOMt4XV8j4dqTXdmlUmSHQ8/oLC069ckre0fRsgfvsKwbTdtKLCDkA==",
      "requires": {
        "async-limiter": "1.0.0",
        "safe-buffer": "5.1.1",
        "ultron": "1.1.1"
      }
    },
    "xmlhttprequest-ssl": {
      "version": "1.5.5",
      "resolved": "https://registry.npmjs.org/xmlhttprequest-ssl/-/xmlhttprequest-ssl-1.5.5.tgz",
      "integrity": "sha1-wodrBhaKrcQOV9l+gRkayPQ5iz4="
    },
    "yeast": {
      "version": "0.1.2",
      "resolved": "https://registry.npmjs.org/yeast/-/yeast-0.1.2.tgz",
      "integrity": "sha1-AI4G2AlDIMNy28L47XagymyKxBk="
    }
  }
}
